
Microsoft Visual Studio Solution File, Format Version 12.00
# Visual Studio Version 17
VisualStudioVersion = 17.9.34310.174
MinimumVisualStudioVersion = 10.0.40219.1
Project("{9A19103F-16F7-4668-BE54-9A1E7A4F7556}") = "API.CORE.SUPABASE", "API.CORE.SUPABASE\API.CORE.SUPABASE.csproj", "{FA691872-585D-4342-8D8C-AE0ABE22AB53}"
EndProject
Project("{2150E333-8FDC-42A3-9474-1A3956D46DE8}") = "1. Presentation", "1. Presentation", "{A49110EE-19D5-4565-9794-283EC7071EA0}"
EndProject
Project("{2150E333-8FDC-42A3-9474-1A3956D46DE8}") = "2. Application", "2. Application", "{EE8D5346-CC62-459C-8F5B-98C3693E1E96}"
EndProject
Project("{2150E333-8FDC-42A3-9474-1A3956D46DE8}") = "3. Domain", "3. Domain", "{5CB41828-1A25-4767-BA78-5ED86703B280}"
EndProject
Project("{2150E333-8FDC-42A3-9474-1A3956D46DE8}") = "4. Infraestructure", "4. Infraestructure", "{6AB1FA3E-956E-4AB0-885D-9D9F47D65E24}"
EndProject
Project("{9A19103F-16F7-4668-BE54-9A1E7A4F7556}") = "Web.Api.Domain", "Web.Api.Domain\Web.Api.Domain.csproj", "{0281A84D-E083-4ED7-933C-2B25D522068C}"
EndProject
Project("{9A19103F-16F7-4668-BE54-9A1E7A4F7556}") = "Web.Api.UseCases", "Web.Api.UseCases\Web.Api.UseCases.csproj", "{2E262658-67D1-4EF5-8BD7-200C2179D931}"
EndProject
Project("{9A19103F-16F7-4668-BE54-9A1E7A4F7556}") = "Web.Api.Dto", "Web.Api.Dto\Web.Api.Dto.csproj", "{DD419FC0-6EAA-45A6-9C14-69289F4D889D}"
EndProject
Project("{9A19103F-16F7-4668-BE54-9A1E7A4F7556}") = "Web.Api.Interface", "Web.Api.Interface\Web.Api.Interface.csproj", "{6876E336-F69E-479C-8E8F-6606CF8BC55C}"
EndProject
Project("{9A19103F-16F7-4668-BE54-9A1E7A4F7556}") = "Web.Api.Persistence", "Web.Api.Persistence\Web.Api.Persistence.csproj", "{FB86C4FA-DA23-42D1-9C09-A1ADEF409ED6}"
EndProject
Project("{9A19103F-16F7-4668-BE54-9A1E7A4F7556}") = "Web.Api.Infraestructure", "Web.Api.Infraestructure\Web.Api.Infraestructure.csproj", "{E18DC5B4-0848-42B1-80AA-5B03FDB007AF}"
EndProject
Project("{2150E333-8FDC-42A3-9474-1A3956D46DE8}") = "Elementos de la solución", "Elementos de la solución", "{6302E12D-E0C5-4FB3-B5C8-D5C4E7F54D1F}"
	ProjectSection(SolutionItems) = preProject
		Dockerfile = Dockerfile
	EndProjectSection
EndProject
Project("{2150E333-8FDC-42A3-9474-1A3956D46DE8}") = "5. Transversal", "5. Transversal", "{1EFD10C4-8A2B-45BB-BDB3-1179DCE792BA}"
EndProject
Project("{9A19103F-16F7-4668-BE54-9A1E7A4F7556}") = "Web.Api.Helper", "Web.Api.Helper\Web.Api.Helper.csproj", "{6EE542EA-D657-4328-9E6D-B3534DDB2D27}"
EndProject
Project("{FAE04EC0-301F-11D3-BF4B-00C04F79EFBC}") = "Web.Data.Core", "Web.Data.Core\Web.Data.Core.csproj", "{12814167-6CB4-4AB5-9FC6-AD2A6B3C2EFA}"
EndProject
Project("{FAE04EC0-301F-11D3-BF4B-00C04F79EFBC}") = "Web.Data.ICore", "Web.Data.ICore\Web.Data.ICore.csproj", "{91189186-A002-40C8-A448-CCE3F052DAC9}"
EndProject
Project("{FAE04EC0-301F-11D3-BF4B-00C04F79EFBC}") = "Web.Api.Entidades", "Web.Api.Entidades\Web.Api.Entidades.csproj", "{CEF3AC4D-04E8-44E9-9784-9C634807092B}"
EndProject
Global
	GlobalSection(SolutionConfigurationPlatforms) = preSolution
		Debug|Any CPU = Debug|Any CPU
		Release|Any CPU = Release|Any CPU
	EndGlobalSection
	GlobalSection(ProjectConfigurationPlatforms) = postSolution
		{FA691872-585D-4342-8D8C-AE0ABE22AB53}.Debug|Any CPU.ActiveCfg = Debug|Any CPU
		{FA691872-585D-4342-8D8C-AE0ABE22AB53}.Debug|Any CPU.Build.0 = Debug|Any CPU
		{FA691872-585D-4342-8D8C-AE0ABE22AB53}.Release|Any CPU.ActiveCfg = Release|Any CPU
		{FA691872-585D-4342-8D8C-AE0ABE22AB53}.Release|Any CPU.Build.0 = Release|Any CPU
		{0281A84D-E083-4ED7-933C-2B25D522068C}.Debug|Any CPU.ActiveCfg = Debug|Any CPU
		{0281A84D-E083-4ED7-933C-2B25D522068C}.Debug|Any CPU.Build.0 = Debug|Any CPU
		{0281A84D-E083-4ED7-933C-2B25D522068C}.Release|Any CPU.ActiveCfg = Release|Any CPU
		{0281A84D-E083-4ED7-933C-2B25D522068C}.Release|Any CPU.Build.0 = Release|Any CPU
		{2E262658-67D1-4EF5-8BD7-200C2179D931}.Debug|Any CPU.ActiveCfg = Debug|Any CPU
		{2E262658-67D1-4EF5-8BD7-200C2179D931}.Debug|Any CPU.Build.0 = Debug|Any CPU
		{2E262658-67D1-4EF5-8BD7-200C2179D931}.Release|Any CPU.ActiveCfg = Release|Any CPU
		{2E262658-67D1-4EF5-8BD7-200C2179D931}.Release|Any CPU.Build.0 = Release|Any CPU
		{DD419FC0-6EAA-45A6-9C14-69289F4D889D}.Debug|Any CPU.ActiveCfg = Debug|Any CPU
		{DD419FC0-6EAA-45A6-9C14-69289F4D889D}.Debug|Any CPU.Build.0 = Debug|Any CPU
		{DD419FC0-6EAA-45A6-9C14-69289F4D889D}.Release|Any CPU.ActiveCfg = Release|Any CPU
		{DD419FC0-6EAA-45A6-9C14-69289F4D889D}.Release|Any CPU.Build.0 = Release|Any CPU
		{6876E336-F69E-479C-8E8F-6606CF8BC55C}.Debug|Any CPU.ActiveCfg = Debug|Any CPU
		{6876E336-F69E-479C-8E8F-6606CF8BC55C}.Debug|Any CPU.Build.0 = Debug|Any CPU
		{6876E336-F69E-479C-8E8F-6606CF8BC55C}.Release|Any CPU.ActiveCfg = Release|Any CPU
		{6876E336-F69E-479C-8E8F-6606CF8BC55C}.Release|Any CPU.Build.0 = Release|Any CPU
		{FB86C4FA-DA23-42D1-9C09-A1ADEF409ED6}.Debug|Any CPU.ActiveCfg = Debug|Any CPU
		{FB86C4FA-DA23-42D1-9C09-A1ADEF409ED6}.Debug|Any CPU.Build.0 = Debug|Any CPU
		{FB86C4FA-DA23-42D1-9C09-A1ADEF409ED6}.Release|Any CPU.ActiveCfg = Release|Any CPU
		{FB86C4FA-DA23-42D1-9C09-A1ADEF409ED6}.Release|Any CPU.Build.0 = Release|Any CPU
		{E18DC5B4-0848-42B1-80AA-5B03FDB007AF}.Debug|Any CPU.ActiveCfg = Debug|Any CPU
		{E18DC5B4-0848-42B1-80AA-5B03FDB007AF}.Debug|Any CPU.Build.0 = Debug|Any CPU
		{E18DC5B4-0848-42B1-80AA-5B03FDB007AF}.Release|Any CPU.ActiveCfg = Release|Any CPU
		{E18DC5B4-0848-42B1-80AA-5B03FDB007AF}.Release|Any CPU.Build.0 = Release|Any CPU
		{6EE542EA-D657-4328-9E6D-B3534DDB2D27}.Debug|Any CPU.ActiveCfg = Debug|Any CPU
		{6EE542EA-D657-4328-9E6D-B3534DDB2D27}.Debug|Any CPU.Build.0 = Debug|Any CPU
		{6EE542EA-D657-4328-9E6D-B3534DDB2D27}.Release|Any CPU.ActiveCfg = Release|Any CPU
		{6EE542EA-D657-4328-9E6D-B3534DDB2D27}.Release|Any CPU.Build.0 = Release|Any CPU
		{12814167-6CB4-4AB5-9FC6-AD2A6B3C2EFA}.Debug|Any CPU.ActiveCfg = Debug|Any CPU
		{12814167-6CB4-4AB5-9FC6-AD2A6B3C2EFA}.Debug|Any CPU.Build.0 = Debug|Any CPU
		{12814167-6CB4-4AB5-9FC6-AD2A6B3C2EFA}.Release|Any CPU.ActiveCfg = Release|Any CPU
		{12814167-6CB4-4AB5-9FC6-AD2A6B3C2EFA}.Release|Any CPU.Build.0 = Release|Any CPU
		{91189186-A002-40C8-A448-CCE3F052DAC9}.Debug|Any CPU.ActiveCfg = Debug|Any CPU
		{91189186-A002-40C8-A448-CCE3F052DAC9}.Debug|Any CPU.Build.0 = Debug|Any CPU
		{91189186-A002-40C8-A448-CCE3F052DAC9}.Release|Any CPU.ActiveCfg = Release|Any CPU
		{91189186-A002-40C8-A448-CCE3F052DAC9}.Release|Any CPU.Build.0 = Release|Any CPU
		{CEF3AC4D-04E8-44E9-9784-9C634807092B}.Debug|Any CPU.ActiveCfg = Debug|Any CPU
		{CEF3AC4D-04E8-44E9-9784-9C634807092B}.Debug|Any CPU.Build.0 = Debug|Any CPU
		{CEF3AC4D-04E8-44E9-9784-9C634807092B}.Release|Any CPU.ActiveCfg = Release|Any CPU
		{CEF3AC4D-04E8-44E9-9784-9C634807092B}.Release|Any CPU.Build.0 = Release|Any CPU
	EndGlobalSection
	GlobalSection(SolutionProperties) = preSolution
		HideSolutionNode = FALSE
	EndGlobalSection
	GlobalSection(NestedProjects) = preSolution
		{FA691872-585D-4342-8D8C-AE0ABE22AB53} = {A49110EE-19D5-4565-9794-283EC7071EA0}
		{0281A84D-E083-4ED7-933C-2B25D522068C} = {5CB41828-1A25-4767-BA78-5ED86703B280}
		{2E262658-67D1-4EF5-8BD7-200C2179D931} = {EE8D5346-CC62-459C-8F5B-98C3693E1E96}
		{DD419FC0-6EAA-45A6-9C14-69289F4D889D} = {EE8D5346-CC62-459C-8F5B-98C3693E1E96}
		{6876E336-F69E-479C-8E8F-6606CF8BC55C} = {EE8D5346-CC62-459C-8F5B-98C3693E1E96}
		{FB86C4FA-DA23-42D1-9C09-A1ADEF409ED6} = {6AB1FA3E-956E-4AB0-885D-9D9F47D65E24}
		{E18DC5B4-0848-42B1-80AA-5B03FDB007AF} = {6AB1FA3E-956E-4AB0-885D-9D9F47D65E24}
		{6EE542EA-D657-4328-9E6D-B3534DDB2D27} = {1EFD10C4-8A2B-45BB-BDB3-1179DCE792BA}
		{12814167-6CB4-4AB5-9FC6-AD2A6B3C2EFA} = {1EFD10C4-8A2B-45BB-BDB3-1179DCE792BA}
		{91189186-A002-40C8-A448-CCE3F052DAC9} = {1EFD10C4-8A2B-45BB-BDB3-1179DCE792BA}
		{CEF3AC4D-04E8-44E9-9784-9C634807092B} = {1EFD10C4-8A2B-45BB-BDB3-1179DCE792BA}
	EndGlobalSection
	GlobalSection(ExtensibilityGlobals) = postSolution
		SolutionGuid = {A03096EC-6B5C-4F19-BD71-2CA55DC0743A}
	EndGlobalSection
EndGlobal
