
Microsoft Visual Studio Solution File, Format Version 12.00
# Visual Studio Version 17
VisualStudioVersion = 17.9.34310.174
MinimumVisualStudioVersion = 10.0.40219.1
Project("{FAE04EC0-301F-11D3-BF4B-00C04F79EFBC}") = "API.CORE.SUPABASE", "API.CORE.SUPABASE\API.CORE.SUPABASE.csproj", "{AE196081-15BC-488A-B430-A9BDE7AD12F8}"
EndProject
Project("{FAE04EC0-301F-11D3-BF4B-00C04F79EFBC}") = "Entity.BE", "Entity.BE\Entity.BE.csproj", "{C9391911-13A4-47A3-AA7B-B53C2BB3D02F}"
EndProject
Project("{FAE04EC0-301F-11D3-BF4B-00C04F79EFBC}") = "Negocio.BL", "Negocio.BL\Negocio.BL.csproj", "{294B529B-B825-472D-9959-C862DCBEF17B}"
EndProject
Project("{FAE04EC0-301F-11D3-BF4B-00C04F79EFBC}") = "DataAccess.DA", "DataAccess.DA\DataAccess.DA.csproj", "{AA9D4BE5-416E-4DC2-A10E-42ECE36D3A0D}"
EndProject
Global
	GlobalSection(SolutionConfigurationPlatforms) = preSolution
		Debug|Any CPU = Debug|Any CPU
		Release|Any CPU = Release|Any CPU
	EndGlobalSection
	GlobalSection(ProjectConfigurationPlatforms) = postSolution
		{AE196081-15BC-488A-B430-A9BDE7AD12F8}.Debug|Any CPU.ActiveCfg = Debug|Any CPU
		{AE196081-15BC-488A-B430-A9BDE7AD12F8}.Debug|Any CPU.Build.0 = Debug|Any CPU
		{AE196081-15BC-488A-B430-A9BDE7AD12F8}.Release|Any CPU.ActiveCfg = Release|Any CPU
		{AE196081-15BC-488A-B430-A9BDE7AD12F8}.Release|Any CPU.Build.0 = Release|Any CPU
		{C9391911-13A4-47A3-AA7B-B53C2BB3D02F}.Debug|Any CPU.ActiveCfg = Debug|Any CPU
		{C9391911-13A4-47A3-AA7B-B53C2BB3D02F}.Debug|Any CPU.Build.0 = Debug|Any CPU
		{C9391911-13A4-47A3-AA7B-B53C2BB3D02F}.Release|Any CPU.ActiveCfg = Release|Any CPU
		{C9391911-13A4-47A3-AA7B-B53C2BB3D02F}.Release|Any CPU.Build.0 = Release|Any CPU
		{294B529B-B825-472D-9959-C862DCBEF17B}.Debug|Any CPU.ActiveCfg = Debug|Any CPU
		{294B529B-B825-472D-9959-C862DCBEF17B}.Debug|Any CPU.Build.0 = Debug|Any CPU
		{294B529B-B825-472D-9959-C862DCBEF17B}.Release|Any CPU.ActiveCfg = Release|Any CPU
		{294B529B-B825-472D-9959-C862DCBEF17B}.Release|Any CPU.Build.0 = Release|Any CPU
		{AA9D4BE5-416E-4DC2-A10E-42ECE36D3A0D}.Debug|Any CPU.ActiveCfg = Debug|Any CPU
		{AA9D4BE5-416E-4DC2-A10E-42ECE36D3A0D}.Debug|Any CPU.Build.0 = Debug|Any CPU
		{AA9D4BE5-416E-4DC2-A10E-42ECE36D3A0D}.Release|Any CPU.ActiveCfg = Release|Any CPU
		{AA9D4BE5-416E-4DC2-A10E-42ECE36D3A0D}.Release|Any CPU.Build.0 = Release|Any CPU
	EndGlobalSection
	GlobalSection(SolutionProperties) = preSolution
		HideSolutionNode = FALSE
	EndGlobalSection
	GlobalSection(ExtensibilityGlobals) = postSolution
		SolutionGuid = {76724923-E68C-47CF-9E70-BB97DA440442}
	EndGlobalSection
EndGlobal
